// !$*UTF8*$!
{
	archiveVersion = 1;
	classes = {
	};
	objectVersion = 46;
	objects = {

/* Begin PBXBuildFile section */
		E8114C491CDF7D3E00FCF8B2 /* OSMTileOverlay.swift in Sources */ = {isa = PBXBuildFile; fileRef = E8114C481CDF7D3E00FCF8B2 /* OSMTileOverlay.swift */; };
		E8240DC81CD002DF00535CE1 /* DBLocation.swift in Sources */ = {isa = PBXBuildFile; fileRef = E8240DC71CD002DF00535CE1 /* DBLocation.swift */; };
		E8240DCA1CD0030500535CE1 /* DBPlace.swift in Sources */ = {isa = PBXBuildFile; fileRef = E8240DC91CD0030500535CE1 /* DBPlace.swift */; };
		E8240DCC1CD003F200535CE1 /* DBPlaceComment.swift in Sources */ = {isa = PBXBuildFile; fileRef = E8240DCB1CD003F200535CE1 /* DBPlaceComment.swift */; };
		E8240DCE1CD0041000535CE1 /* DBPlaceDescription.swift in Sources */ = {isa = PBXBuildFile; fileRef = E8240DCD1CD0041000535CE1 /* DBPlaceDescription.swift */; };
		E8240DD01CD0042800535CE1 /* DBPlaceInfo.swift in Sources */ = {isa = PBXBuildFile; fileRef = E8240DCF1CD0042800535CE1 /* DBPlaceInfo.swift */; };
		E8240DD31CD004BD00535CE1 /* DBLocation.swift in Sources */ = {isa = PBXBuildFile; fileRef = E8240DC71CD002DF00535CE1 /* DBLocation.swift */; };
		E8240DD41CD004BD00535CE1 /* DBPlace.swift in Sources */ = {isa = PBXBuildFile; fileRef = E8240DC91CD0030500535CE1 /* DBPlace.swift */; };
		E8240DD51CD004BD00535CE1 /* DBPlaceComment.swift in Sources */ = {isa = PBXBuildFile; fileRef = E8240DCB1CD003F200535CE1 /* DBPlaceComment.swift */; };
		E8240DD61CD004BD00535CE1 /* DBPlaceDescription.swift in Sources */ = {isa = PBXBuildFile; fileRef = E8240DCD1CD0041000535CE1 /* DBPlaceDescription.swift */; };
		E8240DD71CD004BD00535CE1 /* DBPlaceInfo.swift in Sources */ = {isa = PBXBuildFile; fileRef = E8240DCF1CD0042800535CE1 /* DBPlaceInfo.swift */; };
		E8240DDA1CD00A0800535CE1 /* DBPlaceRating.swift in Sources */ = {isa = PBXBuildFile; fileRef = E8240DD91CD00A0800535CE1 /* DBPlaceRating.swift */; };
		E8240DDC1CD00A1700535CE1 /* PlaceRating.swift in Sources */ = {isa = PBXBuildFile; fileRef = E8240DDB1CD00A1700535CE1 /* PlaceRating.swift */; };
		E8240DDE1CD00B7600535CE1 /* DBPlaceWaiting.swift in Sources */ = {isa = PBXBuildFile; fileRef = E8240DDD1CD00B7600535CE1 /* DBPlaceWaiting.swift */; };
		E8240DE01CD00B8500535CE1 /* PlaceWaiting.swift in Sources */ = {isa = PBXBuildFile; fileRef = E8240DDF1CD00B8500535CE1 /* PlaceWaiting.swift */; };
		E8240DE11CD00C3C00535CE1 /* DBPlaceRating.swift in Sources */ = {isa = PBXBuildFile; fileRef = E8240DD91CD00A0800535CE1 /* DBPlaceRating.swift */; };
		E8240DE21CD00C3C00535CE1 /* DBPlaceWaiting.swift in Sources */ = {isa = PBXBuildFile; fileRef = E8240DDD1CD00B7600535CE1 /* DBPlaceWaiting.swift */; };
		E8240DE31CD00C4100535CE1 /* PlaceRating.swift in Sources */ = {isa = PBXBuildFile; fileRef = E8240DDB1CD00A1700535CE1 /* PlaceRating.swift */; };
		E8240DE41CD00C4100535CE1 /* PlaceWaiting.swift in Sources */ = {isa = PBXBuildFile; fileRef = E8240DDF1CD00B8500535CE1 /* PlaceWaiting.swift */; };
		E82506501CBAE11400458ED4 /* Place.swift in Sources */ = {isa = PBXBuildFile; fileRef = E825064F1CBAE11400458ED4 /* Place.swift */; };
		E82506521CBAE3CC00458ED4 /* PlaceInfo.swift in Sources */ = {isa = PBXBuildFile; fileRef = E82506511CBAE3CC00458ED4 /* PlaceInfo.swift */; };
		E82506561CBAE62C00458ED4 /* Location.swift in Sources */ = {isa = PBXBuildFile; fileRef = E82506551CBAE62C00458ED4 /* Location.swift */; };
		E825065A1CBAE77600458ED4 /* PlaceDescription.swift in Sources */ = {isa = PBXBuildFile; fileRef = E82506591CBAE77600458ED4 /* PlaceDescription.swift */; };
		E825065C1CBAE92600458ED4 /* PlaceComment.swift in Sources */ = {isa = PBXBuildFile; fileRef = E825065B1CBAE92600458ED4 /* PlaceComment.swift */; };
		E825065E1CBAEA3A00458ED4 /* Query.swift in Sources */ = {isa = PBXBuildFile; fileRef = E825065D1CBAEA3A00458ED4 /* Query.swift */; };
		E82506601CBAFBC300458ED4 /* Realm.framework in CopyFiles */ = {isa = PBXBuildFile; fileRef = E8E61E981CBAD94D00B2A741 /* Realm.framework */; settings = {ATTRIBUTES = (CodeSignOnCopy, RemoveHeadersOnCopy, ); }; };
		E82506611CBAFBC300458ED4 /* RealmSwift.framework in CopyFiles */ = {isa = PBXBuildFile; fileRef = E8E61E991CBAD94E00B2A741 /* RealmSwift.framework */; settings = {ATTRIBUTES = (CodeSignOnCopy, RemoveHeadersOnCopy, ); }; };
		E82506621CBC4F9D00458ED4 /* Location.swift in Sources */ = {isa = PBXBuildFile; fileRef = E82506551CBAE62C00458ED4 /* Location.swift */; };
		E82506631CBC4F9D00458ED4 /* Place.swift in Sources */ = {isa = PBXBuildFile; fileRef = E825064F1CBAE11400458ED4 /* Place.swift */; };
		E82506641CBC4F9D00458ED4 /* PlaceComment.swift in Sources */ = {isa = PBXBuildFile; fileRef = E825065B1CBAE92600458ED4 /* PlaceComment.swift */; };
		E82506651CBC4F9D00458ED4 /* PlaceDescription.swift in Sources */ = {isa = PBXBuildFile; fileRef = E82506591CBAE77600458ED4 /* PlaceDescription.swift */; };
		E82506661CBC4F9D00458ED4 /* PlaceInfo.swift in Sources */ = {isa = PBXBuildFile; fileRef = E82506511CBAE3CC00458ED4 /* PlaceInfo.swift */; };
		E82506691CBC4FAF00458ED4 /* Query.swift in Sources */ = {isa = PBXBuildFile; fileRef = E82506681CBC4FAF00458ED4 /* Query.swift */; };
		E828B63B1CB9984900D1A204 /* PlacePinView.swift in Sources */ = {isa = PBXBuildFile; fileRef = E828B63A1CB9984900D1A204 /* PlacePinView.swift */; };
		E828B63D1CB99F2800D1A204 /* Functional.swift in Sources */ = {isa = PBXBuildFile; fileRef = E828B63C1CB99F2800D1A204 /* Functional.swift */; };
		E83F64931CC3DD4A009142A9 /* EmojiFlags.swift in Sources */ = {isa = PBXBuildFile; fileRef = E83F64921CC3DD4A009142A9 /* EmojiFlags.swift */; };
		E856FA6B1CE5165600CC3B6B /* Alamofire.framework in CopyFiles */ = {isa = PBXBuildFile; fileRef = E8D25B991CE3DD6200BB4962 /* Alamofire.framework */; settings = {ATTRIBUTES = (CodeSignOnCopy, RemoveHeadersOnCopy, ); }; };
		E86F68791CE9FC9F00986588 /* TileSource.swift in Sources */ = {isa = PBXBuildFile; fileRef = E86F68781CE9FC9F00986588 /* TileSource.swift */; };
		E86F687B1CE9FDDD00986588 /* TileStorage.swift in Sources */ = {isa = PBXBuildFile; fileRef = E86F687A1CE9FDDD00986588 /* TileStorage.swift */; };
		E86F687D1CE9FDFB00986588 /* TaggingTileStore.swift in Sources */ = {isa = PBXBuildFile; fileRef = E86F687C1CE9FDFB00986588 /* TaggingTileStore.swift */; };
		E86F687F1CEA02FF00986588 /* PlaceAnnotation.swift in Sources */ = {isa = PBXBuildFile; fileRef = E86F687E1CEA02FF00986588 /* PlaceAnnotation.swift */; };
		E88DCA921CC4006C002BF26B /* RatingExt.swift in Sources */ = {isa = PBXBuildFile; fileRef = E88DCA911CC4006C002BF26B /* RatingExt.swift */; };
		E88DCA941CC40360002BF26B /* WaitingTime.swift in Sources */ = {isa = PBXBuildFile; fileRef = E88DCA931CC40360002BF26B /* WaitingTime.swift */; };
		E8A163A11CA845300042072C /* AppDelegate.swift in Sources */ = {isa = PBXBuildFile; fileRef = E8A163A01CA845300042072C /* AppDelegate.swift */; };
		E8A163A61CA845300042072C /* Main.storyboard in Resources */ = {isa = PBXBuildFile; fileRef = E8A163A41CA845300042072C /* Main.storyboard */; };
		E8A163AB1CA845300042072C /* Assets.xcassets in Resources */ = {isa = PBXBuildFile; fileRef = E8A163AA1CA845300042072C /* Assets.xcassets */; };
		E8A163AE1CA845300042072C /* LaunchScreen.storyboard in Resources */ = {isa = PBXBuildFile; fileRef = E8A163AC1CA845300042072C /* LaunchScreen.storyboard */; };
		E8A163BC1CA86D630042072C /* AppDelegate.swift in Sources */ = {isa = PBXBuildFile; fileRef = E8A163BB1CA86D630042072C /* AppDelegate.swift */; };
		E8A163BE1CA86D630042072C /* ViewController.swift in Sources */ = {isa = PBXBuildFile; fileRef = E8A163BD1CA86D630042072C /* ViewController.swift */; };
		E8A163C11CA86D630042072C /* Main.storyboard in Resources */ = {isa = PBXBuildFile; fileRef = E8A163BF1CA86D630042072C /* Main.storyboard */; };
		E8A163C61CA86D630042072C /* Assets.xcassets in Resources */ = {isa = PBXBuildFile; fileRef = E8A163C51CA86D630042072C /* Assets.xcassets */; };
		E8A163C91CA86D630042072C /* LaunchScreen.storyboard in Resources */ = {isa = PBXBuildFile; fileRef = E8A163C71CA86D630042072C /* LaunchScreen.storyboard */; };
		E8BE9FA91CE8CC9E00DDD5C8 /* Swinject.framework in Frameworks */ = {isa = PBXBuildFile; fileRef = E8BE9FA81CE8CC9E00DDD5C8 /* Swinject.framework */; };
		E8BE9FAA1CE8CCC100DDD5C8 /* Swinject.framework in CopyFiles */ = {isa = PBXBuildFile; fileRef = E8BE9FA81CE8CC9E00DDD5C8 /* Swinject.framework */; settings = {ATTRIBUTES = (CodeSignOnCopy, RemoveHeadersOnCopy, ); }; };
		E8CE3D1B1CD801B40066BC53 /* ToMany.swift in Sources */ = {isa = PBXBuildFile; fileRef = E8CE3D1A1CD801B40066BC53 /* ToMany.swift */; };
		E8CE3D1C1CD801B40066BC53 /* ToMany.swift in Sources */ = {isa = PBXBuildFile; fileRef = E8CE3D1A1CD801B40066BC53 /* ToMany.swift */; };
		E8D25B921CE2724200BB4962 /* TileMapper.swift in Sources */ = {isa = PBXBuildFile; fileRef = E8D25B911CE2724200BB4962 /* TileMapper.swift */; };
		E8D25B941CE3B14300BB4962 /* PersistentTileStore.swift in Sources */ = {isa = PBXBuildFile; fileRef = E8D25B931CE3B14300BB4962 /* PersistentTileStore.swift */; };
		E8D25B961CE3CC9200BB4962 /* IO.swift in Sources */ = {isa = PBXBuildFile; fileRef = E8D25B951CE3CC9200BB4962 /* IO.swift */; };
		E8D25B981CE3D5B900BB4962 /* TileManager.swift in Sources */ = {isa = PBXBuildFile; fileRef = E8D25B971CE3D5B900BB4962 /* TileManager.swift */; };
		E8D25B9A1CE3DD6200BB4962 /* Alamofire.framework in Frameworks */ = {isa = PBXBuildFile; fileRef = E8D25B991CE3DD6200BB4962 /* Alamofire.framework */; };
		E8D5ABF21CE677BC00F5C313 /* PlaceInfoCommentCell.swift in Sources */ = {isa = PBXBuildFile; fileRef = E8D5ABEB1CE677BC00F5C313 /* PlaceInfoCommentCell.swift */; };
		E8D5ABF31CE677BC00F5C313 /* PlaceInfoCommentsTitleCell.swift in Sources */ = {isa = PBXBuildFile; fileRef = E8D5ABEC1CE677BC00F5C313 /* PlaceInfoCommentsTitleCell.swift */; };
		E8D5ABF41CE677BC00F5C313 /* PlaceInfoDescriptionCell.swift in Sources */ = {isa = PBXBuildFile; fileRef = E8D5ABED1CE677BC00F5C313 /* PlaceInfoDescriptionCell.swift */; };
		E8D5ABF51CE677BC00F5C313 /* PlaceInfoMapCell.swift in Sources */ = {isa = PBXBuildFile; fileRef = E8D5ABEE1CE677BC00F5C313 /* PlaceInfoMapCell.swift */; };
		E8D5ABF61CE677BC00F5C313 /* PlaceInfoStatsCell.swift in Sources */ = {isa = PBXBuildFile; fileRef = E8D5ABEF1CE677BC00F5C313 /* PlaceInfoStatsCell.swift */; };
		E8D5ABF71CE677BC00F5C313 /* PlaceInfoTitleCell.swift in Sources */ = {isa = PBXBuildFile; fileRef = E8D5ABF01CE677BC00F5C313 /* PlaceInfoTitleCell.swift */; };
		E8D5ABF81CE677BC00F5C313 /* PlaceInfoViewController.swift in Sources */ = {isa = PBXBuildFile; fileRef = E8D5ABF11CE677BC00F5C313 /* PlaceInfoViewController.swift */; };
		E8D5ABFB1CE678A400F5C313 /* MapViewController.swift in Sources */ = {isa = PBXBuildFile; fileRef = E8D5ABFA1CE678A400F5C313 /* MapViewController.swift */; };
		E8D5ABFD1CE678B400F5C313 /* MapView+OSM.swift in Sources */ = {isa = PBXBuildFile; fileRef = E8D5ABFC1CE678B400F5C313 /* MapView+OSM.swift */; };
		E8D5ABFF1CE67D9900F5C313 /* SidebarViewController.swift in Sources */ = {isa = PBXBuildFile; fileRef = E8D5ABFE1CE67D9900F5C313 /* SidebarViewController.swift */; };
		E8D5AC031CE683B700F5C313 /* SWRevealViewController.m in Sources */ = {isa = PBXBuildFile; fileRef = E8D5AC021CE683B700F5C313 /* SWRevealViewController.m */; };
		E8D823FF1CC3901100046572 /* FBAnnotationClustering.framework in Frameworks */ = {isa = PBXBuildFile; fileRef = E8D823FE1CC3901100046572 /* FBAnnotationClustering.framework */; };
		E8D824001CC3939400046572 /* FBAnnotationClustering.framework in CopyFiles */ = {isa = PBXBuildFile; fileRef = E8D823FE1CC3901100046572 /* FBAnnotationClustering.framework */; settings = {ATTRIBUTES = (CodeSignOnCopy, RemoveHeadersOnCopy, ); }; };
		E8D824021CC3A24500046572 /* ClusterPinView.swift in Sources */ = {isa = PBXBuildFile; fileRef = E8D824011CC3A24500046572 /* ClusterPinView.swift */; };
		E8E61E8E1CBAD8C100B2A741 /* AppDelegate.swift in Sources */ = {isa = PBXBuildFile; fileRef = E8E61E8D1CBAD8C100B2A741 /* AppDelegate.swift */; };
		E8E61E901CBAD8C100B2A741 /* Assets.xcassets in Resources */ = {isa = PBXBuildFile; fileRef = E8E61E8F1CBAD8C100B2A741 /* Assets.xcassets */; };
		E8E61E931CBAD8C100B2A741 /* MainMenu.xib in Resources */ = {isa = PBXBuildFile; fileRef = E8E61E911CBAD8C100B2A741 /* MainMenu.xib */; };
		E8E61E9C1CBAD95900B2A741 /* Realm.framework in Frameworks */ = {isa = PBXBuildFile; fileRef = E8E61E981CBAD94D00B2A741 /* Realm.framework */; };
		E8E61E9D1CBAD95900B2A741 /* RealmSwift.framework in Frameworks */ = {isa = PBXBuildFile; fileRef = E8E61E991CBAD94E00B2A741 /* RealmSwift.framework */; };
		E8FC3ECE1CBC50EE00B0549E /* Realm.framework in Frameworks */ = {isa = PBXBuildFile; fileRef = E8FC3ECC1CBC50EE00B0549E /* Realm.framework */; };
		E8FC3ECF1CBC50EE00B0549E /* RealmSwift.framework in Frameworks */ = {isa = PBXBuildFile; fileRef = E8FC3ECD1CBC50EE00B0549E /* RealmSwift.framework */; };
		E8FC3ED11CBC554300B0549E /* Towel.realm in Resources */ = {isa = PBXBuildFile; fileRef = E8FC3ED01CBC554300B0549E /* Towel.realm */; };
		E8FC3ED31CBC580200B0549E /* Realm.framework in CopyFiles */ = {isa = PBXBuildFile; fileRef = E8FC3ECC1CBC50EE00B0549E /* Realm.framework */; settings = {ATTRIBUTES = (CodeSignOnCopy, RemoveHeadersOnCopy, ); }; };
		E8FC3ED41CBC580200B0549E /* RealmSwift.framework in CopyFiles */ = {isa = PBXBuildFile; fileRef = E8FC3ECD1CBC50EE00B0549E /* RealmSwift.framework */; settings = {ATTRIBUTES = (CodeSignOnCopy, RemoveHeadersOnCopy, ); }; };
/* End PBXBuildFile section */

/* Begin PBXCopyFilesBuildPhase section */
		E825065F1CBAFBB700458ED4 /* CopyFiles */ = {
			isa = PBXCopyFilesBuildPhase;
			buildActionMask = 2147483647;
			dstPath = "";
			dstSubfolderSpec = 10;
			files = (
				E82506601CBAFBC300458ED4 /* Realm.framework in CopyFiles */,
				E82506611CBAFBC300458ED4 /* RealmSwift.framework in CopyFiles */,
			);
			runOnlyForDeploymentPostprocessing = 0;
		};
		E8FC3ED21CBC57EB00B0549E /* CopyFiles */ = {
			isa = PBXCopyFilesBuildPhase;
			buildActionMask = 2147483647;
			dstPath = "";
			dstSubfolderSpec = 10;
			files = (
				E856FA6B1CE5165600CC3B6B /* Alamofire.framework in CopyFiles */,
				E8D824001CC3939400046572 /* FBAnnotationClustering.framework in CopyFiles */,
				E8FC3ED31CBC580200B0549E /* Realm.framework in CopyFiles */,
				E8FC3ED41CBC580200B0549E /* RealmSwift.framework in CopyFiles */,
				E8BE9FAA1CE8CCC100DDD5C8 /* Swinject.framework in CopyFiles */,
			);
			runOnlyForDeploymentPostprocessing = 0;
		};
/* End PBXCopyFilesBuildPhase section */

/* Begin PBXFileReference section */
		E8114C481CDF7D3E00FCF8B2 /* OSMTileOverlay.swift */ = {isa = PBXFileReference; fileEncoding = 4; lastKnownFileType = sourcecode.swift; path = OSMTileOverlay.swift; sourceTree = "<group>"; };
		E8240DC71CD002DF00535CE1 /* DBLocation.swift */ = {isa = PBXFileReference; fileEncoding = 4; lastKnownFileType = sourcecode.swift; path = DBLocation.swift; sourceTree = "<group>"; };
		E8240DC91CD0030500535CE1 /* DBPlace.swift */ = {isa = PBXFileReference; fileEncoding = 4; lastKnownFileType = sourcecode.swift; path = DBPlace.swift; sourceTree = "<group>"; };
		E8240DCB1CD003F200535CE1 /* DBPlaceComment.swift */ = {isa = PBXFileReference; fileEncoding = 4; lastKnownFileType = sourcecode.swift; path = DBPlaceComment.swift; sourceTree = "<group>"; };
		E8240DCD1CD0041000535CE1 /* DBPlaceDescription.swift */ = {isa = PBXFileReference; fileEncoding = 4; lastKnownFileType = sourcecode.swift; path = DBPlaceDescription.swift; sourceTree = "<group>"; };
		E8240DCF1CD0042800535CE1 /* DBPlaceInfo.swift */ = {isa = PBXFileReference; fileEncoding = 4; lastKnownFileType = sourcecode.swift; path = DBPlaceInfo.swift; sourceTree = "<group>"; };
		E8240DD91CD00A0800535CE1 /* DBPlaceRating.swift */ = {isa = PBXFileReference; fileEncoding = 4; lastKnownFileType = sourcecode.swift; path = DBPlaceRating.swift; sourceTree = "<group>"; };
		E8240DDB1CD00A1700535CE1 /* PlaceRating.swift */ = {isa = PBXFileReference; fileEncoding = 4; lastKnownFileType = sourcecode.swift; path = PlaceRating.swift; sourceTree = "<group>"; };
		E8240DDD1CD00B7600535CE1 /* DBPlaceWaiting.swift */ = {isa = PBXFileReference; fileEncoding = 4; lastKnownFileType = sourcecode.swift; path = DBPlaceWaiting.swift; sourceTree = "<group>"; };
		E8240DDF1CD00B8500535CE1 /* PlaceWaiting.swift */ = {isa = PBXFileReference; fileEncoding = 4; lastKnownFileType = sourcecode.swift; path = PlaceWaiting.swift; sourceTree = "<group>"; };
		E825064F1CBAE11400458ED4 /* Place.swift */ = {isa = PBXFileReference; fileEncoding = 4; lastKnownFileType = sourcecode.swift; path = Place.swift; sourceTree = "<group>"; };
		E82506511CBAE3CC00458ED4 /* PlaceInfo.swift */ = {isa = PBXFileReference; fileEncoding = 4; lastKnownFileType = sourcecode.swift; path = PlaceInfo.swift; sourceTree = "<group>"; };
		E82506551CBAE62C00458ED4 /* Location.swift */ = {isa = PBXFileReference; fileEncoding = 4; lastKnownFileType = sourcecode.swift; path = Location.swift; sourceTree = "<group>"; };
		E82506591CBAE77600458ED4 /* PlaceDescription.swift */ = {isa = PBXFileReference; fileEncoding = 4; lastKnownFileType = sourcecode.swift; path = PlaceDescription.swift; sourceTree = "<group>"; };
		E825065B1CBAE92600458ED4 /* PlaceComment.swift */ = {isa = PBXFileReference; fileEncoding = 4; lastKnownFileType = sourcecode.swift; path = PlaceComment.swift; sourceTree = "<group>"; };
		E825065D1CBAEA3A00458ED4 /* Query.swift */ = {isa = PBXFileReference; fileEncoding = 4; lastKnownFileType = sourcecode.swift; path = Query.swift; sourceTree = "<group>"; };
		E82506681CBC4FAF00458ED4 /* Query.swift */ = {isa = PBXFileReference; fileEncoding = 4; lastKnownFileType = sourcecode.swift; path = Query.swift; sourceTree = "<group>"; };
		E828B63A1CB9984900D1A204 /* PlacePinView.swift */ = {isa = PBXFileReference; fileEncoding = 4; lastKnownFileType = sourcecode.swift; path = PlacePinView.swift; sourceTree = "<group>"; };
		E828B63C1CB99F2800D1A204 /* Functional.swift */ = {isa = PBXFileReference; fileEncoding = 4; lastKnownFileType = sourcecode.swift; path = Functional.swift; sourceTree = "<group>"; };
		E83F64921CC3DD4A009142A9 /* EmojiFlags.swift */ = {isa = PBXFileReference; fileEncoding = 4; lastKnownFileType = sourcecode.swift; path = EmojiFlags.swift; sourceTree = "<group>"; };
		E86F68781CE9FC9F00986588 /* TileSource.swift */ = {isa = PBXFileReference; fileEncoding = 4; lastKnownFileType = sourcecode.swift; path = TileSource.swift; sourceTree = "<group>"; };
		E86F687A1CE9FDDD00986588 /* TileStorage.swift */ = {isa = PBXFileReference; fileEncoding = 4; lastKnownFileType = sourcecode.swift; path = TileStorage.swift; sourceTree = "<group>"; };
		E86F687C1CE9FDFB00986588 /* TaggingTileStore.swift */ = {isa = PBXFileReference; fileEncoding = 4; lastKnownFileType = sourcecode.swift; path = TaggingTileStore.swift; sourceTree = "<group>"; };
		E86F687E1CEA02FF00986588 /* PlaceAnnotation.swift */ = {isa = PBXFileReference; fileEncoding = 4; lastKnownFileType = sourcecode.swift; path = PlaceAnnotation.swift; sourceTree = "<group>"; };
		E88DCA911CC4006C002BF26B /* RatingExt.swift */ = {isa = PBXFileReference; fileEncoding = 4; lastKnownFileType = sourcecode.swift; path = RatingExt.swift; sourceTree = "<group>"; };
		E88DCA931CC40360002BF26B /* WaitingTime.swift */ = {isa = PBXFileReference; fileEncoding = 4; lastKnownFileType = sourcecode.swift; path = WaitingTime.swift; sourceTree = "<group>"; };
		E8A1639D1CA845300042072C /* Towel.app */ = {isa = PBXFileReference; explicitFileType = wrapper.application; includeInIndex = 0; path = Towel.app; sourceTree = BUILT_PRODUCTS_DIR; };
		E8A163A01CA845300042072C /* AppDelegate.swift */ = {isa = PBXFileReference; lastKnownFileType = sourcecode.swift; path = AppDelegate.swift; sourceTree = "<group>"; };
		E8A163A51CA845300042072C /* Base */ = {isa = PBXFileReference; lastKnownFileType = file.storyboard; name = Base; path = Base.lproj/Main.storyboard; sourceTree = "<group>"; };
		E8A163AA1CA845300042072C /* Assets.xcassets */ = {isa = PBXFileReference; lastKnownFileType = folder.assetcatalog; path = Assets.xcassets; sourceTree = "<group>"; };
		E8A163AD1CA845300042072C /* Base */ = {isa = PBXFileReference; lastKnownFileType = file.storyboard; name = Base; path = Base.lproj/LaunchScreen.storyboard; sourceTree = "<group>"; };
		E8A163AF1CA845300042072C /* Info.plist */ = {isa = PBXFileReference; lastKnownFileType = text.plist.xml; path = Info.plist; sourceTree = "<group>"; };
		E8A163B91CA86D630042072C /* MapImporter-iOS.app */ = {isa = PBXFileReference; explicitFileType = wrapper.application; includeInIndex = 0; path = "MapImporter-iOS.app"; sourceTree = BUILT_PRODUCTS_DIR; };
		E8A163BB1CA86D630042072C /* AppDelegate.swift */ = {isa = PBXFileReference; lastKnownFileType = sourcecode.swift; path = AppDelegate.swift; sourceTree = "<group>"; };
		E8A163BD1CA86D630042072C /* ViewController.swift */ = {isa = PBXFileReference; lastKnownFileType = sourcecode.swift; path = ViewController.swift; sourceTree = "<group>"; };
		E8A163C01CA86D630042072C /* Base */ = {isa = PBXFileReference; lastKnownFileType = file.storyboard; name = Base; path = Base.lproj/Main.storyboard; sourceTree = "<group>"; };
		E8A163C51CA86D630042072C /* Assets.xcassets */ = {isa = PBXFileReference; lastKnownFileType = folder.assetcatalog; path = Assets.xcassets; sourceTree = "<group>"; };
		E8A163C81CA86D630042072C /* Base */ = {isa = PBXFileReference; lastKnownFileType = file.storyboard; name = Base; path = Base.lproj/LaunchScreen.storyboard; sourceTree = "<group>"; };
		E8A163CA1CA86D630042072C /* Info.plist */ = {isa = PBXFileReference; lastKnownFileType = text.plist.xml; path = Info.plist; sourceTree = "<group>"; };
		E8BE9FA81CE8CC9E00DDD5C8 /* Swinject.framework */ = {isa = PBXFileReference; lastKnownFileType = wrapper.framework; name = Swinject.framework; path = Carthage/Build/iOS/Swinject.framework; sourceTree = "<group>"; };
		E8CE3D1A1CD801B40066BC53 /* ToMany.swift */ = {isa = PBXFileReference; fileEncoding = 4; lastKnownFileType = sourcecode.swift; path = ToMany.swift; sourceTree = "<group>"; };
		E8D25B911CE2724200BB4962 /* TileMapper.swift */ = {isa = PBXFileReference; fileEncoding = 4; lastKnownFileType = sourcecode.swift; path = TileMapper.swift; sourceTree = "<group>"; };
		E8D25B931CE3B14300BB4962 /* PersistentTileStore.swift */ = {isa = PBXFileReference; fileEncoding = 4; lastKnownFileType = sourcecode.swift; path = PersistentTileStore.swift; sourceTree = "<group>"; };
		E8D25B951CE3CC9200BB4962 /* IO.swift */ = {isa = PBXFileReference; fileEncoding = 4; lastKnownFileType = sourcecode.swift; path = IO.swift; sourceTree = "<group>"; };
		E8D25B971CE3D5B900BB4962 /* TileManager.swift */ = {isa = PBXFileReference; fileEncoding = 4; lastKnownFileType = sourcecode.swift; path = TileManager.swift; sourceTree = "<group>"; };
		E8D25B991CE3DD6200BB4962 /* Alamofire.framework */ = {isa = PBXFileReference; lastKnownFileType = wrapper.framework; name = Alamofire.framework; path = Carthage/Build/iOS/Alamofire.framework; sourceTree = "<group>"; };
		E8D5ABEB1CE677BC00F5C313 /* PlaceInfoCommentCell.swift */ = {isa = PBXFileReference; fileEncoding = 4; lastKnownFileType = sourcecode.swift; path = PlaceInfoCommentCell.swift; sourceTree = "<group>"; };
		E8D5ABEC1CE677BC00F5C313 /* PlaceInfoCommentsTitleCell.swift */ = {isa = PBXFileReference; fileEncoding = 4; lastKnownFileType = sourcecode.swift; path = PlaceInfoCommentsTitleCell.swift; sourceTree = "<group>"; };
		E8D5ABED1CE677BC00F5C313 /* PlaceInfoDescriptionCell.swift */ = {isa = PBXFileReference; fileEncoding = 4; lastKnownFileType = sourcecode.swift; path = PlaceInfoDescriptionCell.swift; sourceTree = "<group>"; };
		E8D5ABEE1CE677BC00F5C313 /* PlaceInfoMapCell.swift */ = {isa = PBXFileReference; fileEncoding = 4; lastKnownFileType = sourcecode.swift; path = PlaceInfoMapCell.swift; sourceTree = "<group>"; };
		E8D5ABEF1CE677BC00F5C313 /* PlaceInfoStatsCell.swift */ = {isa = PBXFileReference; fileEncoding = 4; lastKnownFileType = sourcecode.swift; path = PlaceInfoStatsCell.swift; sourceTree = "<group>"; };
		E8D5ABF01CE677BC00F5C313 /* PlaceInfoTitleCell.swift */ = {isa = PBXFileReference; fileEncoding = 4; lastKnownFileType = sourcecode.swift; path = PlaceInfoTitleCell.swift; sourceTree = "<group>"; };
		E8D5ABF11CE677BC00F5C313 /* PlaceInfoViewController.swift */ = {isa = PBXFileReference; fileEncoding = 4; lastKnownFileType = sourcecode.swift; path = PlaceInfoViewController.swift; sourceTree = "<group>"; };
		E8D5ABFA1CE678A400F5C313 /* MapViewController.swift */ = {isa = PBXFileReference; fileEncoding = 4; lastKnownFileType = sourcecode.swift; path = MapViewController.swift; sourceTree = "<group>"; };
		E8D5ABFC1CE678B400F5C313 /* MapView+OSM.swift */ = {isa = PBXFileReference; fileEncoding = 4; lastKnownFileType = sourcecode.swift; path = "MapView+OSM.swift"; sourceTree = "<group>"; };
		E8D5ABFE1CE67D9900F5C313 /* SidebarViewController.swift */ = {isa = PBXFileReference; fileEncoding = 4; lastKnownFileType = sourcecode.swift; path = SidebarViewController.swift; sourceTree = "<group>"; };
		E8D5AC011CE683B700F5C313 /* SWRevealViewController.h */ = {isa = PBXFileReference; fileEncoding = 4; lastKnownFileType = sourcecode.c.h; path = SWRevealViewController.h; sourceTree = "<group>"; };
		E8D5AC021CE683B700F5C313 /* SWRevealViewController.m */ = {isa = PBXFileReference; fileEncoding = 4; lastKnownFileType = sourcecode.c.objc; path = SWRevealViewController.m; sourceTree = "<group>"; };
		E8D5AC051CE6862900F5C313 /* Towel-Bridging-Header.h */ = {isa = PBXFileReference; lastKnownFileType = sourcecode.c.h; path = "Towel-Bridging-Header.h"; sourceTree = "<group>"; };
		E8D823FD1CC38F2300046572 /* Cartfile */ = {isa = PBXFileReference; lastKnownFileType = text; path = Cartfile; sourceTree = "<group>"; };
		E8D823FE1CC3901100046572 /* FBAnnotationClustering.framework */ = {isa = PBXFileReference; lastKnownFileType = wrapper.framework; name = FBAnnotationClustering.framework; path = Carthage/Build/iOS/FBAnnotationClustering.framework; sourceTree = "<group>"; };
		E8D824011CC3A24500046572 /* ClusterPinView.swift */ = {isa = PBXFileReference; fileEncoding = 4; lastKnownFileType = sourcecode.swift; path = ClusterPinView.swift; sourceTree = "<group>"; };
		E8E61E8B1CBAD8C100B2A741 /* MapImporter.app */ = {isa = PBXFileReference; explicitFileType = wrapper.application; includeInIndex = 0; path = MapImporter.app; sourceTree = BUILT_PRODUCTS_DIR; };
		E8E61E8D1CBAD8C100B2A741 /* AppDelegate.swift */ = {isa = PBXFileReference; lastKnownFileType = sourcecode.swift; path = AppDelegate.swift; sourceTree = "<group>"; };
		E8E61E8F1CBAD8C100B2A741 /* Assets.xcassets */ = {isa = PBXFileReference; lastKnownFileType = folder.assetcatalog; path = Assets.xcassets; sourceTree = "<group>"; };
		E8E61E921CBAD8C100B2A741 /* Base */ = {isa = PBXFileReference; lastKnownFileType = file.xib; name = Base; path = Base.lproj/MainMenu.xib; sourceTree = "<group>"; };
		E8E61E941CBAD8C100B2A741 /* Info.plist */ = {isa = PBXFileReference; lastKnownFileType = text.plist.xml; path = Info.plist; sourceTree = "<group>"; };
		E8E61E981CBAD94D00B2A741 /* Realm.framework */ = {isa = PBXFileReference; lastKnownFileType = wrapper.framework; name = Realm.framework; path = Carthage/Build/Mac/Realm.framework; sourceTree = "<group>"; };
		E8E61E991CBAD94E00B2A741 /* RealmSwift.framework */ = {isa = PBXFileReference; lastKnownFileType = wrapper.framework; name = RealmSwift.framework; path = Carthage/Build/Mac/RealmSwift.framework; sourceTree = "<group>"; };
		E8FC3ECC1CBC50EE00B0549E /* Realm.framework */ = {isa = PBXFileReference; lastKnownFileType = wrapper.framework; name = Realm.framework; path = Carthage/Build/iOS/Realm.framework; sourceTree = "<group>"; };
		E8FC3ECD1CBC50EE00B0549E /* RealmSwift.framework */ = {isa = PBXFileReference; lastKnownFileType = wrapper.framework; name = RealmSwift.framework; path = Carthage/Build/iOS/RealmSwift.framework; sourceTree = "<group>"; };
		E8FC3ED01CBC554300B0549E /* Towel.realm */ = {isa = PBXFileReference; lastKnownFileType = file; path = Towel.realm; sourceTree = SOURCE_ROOT; };
/* End PBXFileReference section */

/* Begin PBXFrameworksBuildPhase section */
		E8A1639A1CA845300042072C /* Frameworks */ = {
			isa = PBXFrameworksBuildPhase;
			buildActionMask = 2147483647;
			files = (
				E8D823FF1CC3901100046572 /* FBAnnotationClustering.framework in Frameworks */,
				E8FC3ECE1CBC50EE00B0549E /* Realm.framework in Frameworks */,
				E8FC3ECF1CBC50EE00B0549E /* RealmSwift.framework in Frameworks */,
				E8BE9FA91CE8CC9E00DDD5C8 /* Swinject.framework in Frameworks */,
				E8D25B9A1CE3DD6200BB4962 /* Alamofire.framework in Frameworks */,
			);
			runOnlyForDeploymentPostprocessing = 0;
		};
		E8A163B61CA86D630042072C /* Frameworks */ = {
			isa = PBXFrameworksBuildPhase;
			buildActionMask = 2147483647;
			files = (
			);
			runOnlyForDeploymentPostprocessing = 0;
		};
		E8E61E881CBAD8C100B2A741 /* Frameworks */ = {
			isa = PBXFrameworksBuildPhase;
			buildActionMask = 2147483647;
			files = (
				E8E61E9D1CBAD95900B2A741 /* RealmSwift.framework in Frameworks */,
				E8E61E9C1CBAD95900B2A741 /* Realm.framework in Frameworks */,
			);
			runOnlyForDeploymentPostprocessing = 0;
		};
/* End PBXFrameworksBuildPhase section */

/* Begin PBXGroup section */
		E8240DC61CD002AF00535CE1 /* Realm */ = {
			isa = PBXGroup;
			children = (
				E8240DC71CD002DF00535CE1 /* DBLocation.swift */,
				E8240DC91CD0030500535CE1 /* DBPlace.swift */,
				E8240DCB1CD003F200535CE1 /* DBPlaceComment.swift */,
				E8240DCD1CD0041000535CE1 /* DBPlaceDescription.swift */,
				E8240DCF1CD0042800535CE1 /* DBPlaceInfo.swift */,
				E8240DD91CD00A0800535CE1 /* DBPlaceRating.swift */,
				E8240DDD1CD00B7600535CE1 /* DBPlaceWaiting.swift */,
			);
			path = Realm;
			sourceTree = "<group>";
		};
		E825064E1CBAE0F300458ED4 /* Models */ = {
			isa = PBXGroup;
			children = (
				E8240DC61CD002AF00535CE1 /* Realm */,
				E82506551CBAE62C00458ED4 /* Location.swift */,
				E825064F1CBAE11400458ED4 /* Place.swift */,
				E825065B1CBAE92600458ED4 /* PlaceComment.swift */,
				E82506591CBAE77600458ED4 /* PlaceDescription.swift */,
				E82506511CBAE3CC00458ED4 /* PlaceInfo.swift */,
				E8240DDB1CD00A1700535CE1 /* PlaceRating.swift */,
				E8240DDF1CD00B8500535CE1 /* PlaceWaiting.swift */,
				E8CE3D1A1CD801B40066BC53 /* ToMany.swift */,
			);
			path = Models;
			sourceTree = "<group>";
		};
		E8A163941CA845300042072C = {
			isa = PBXGroup;
			children = (
				E8D823FD1CC38F2300046572 /* Cartfile */,
				E8D5AC041CE683C200F5C313 /* Dependencies */,
				E8A1639F1CA845300042072C /* Towel */,
				E8A163BA1CA86D630042072C /* MapImporter-iOS */,
				E8E61E8C1CBAD8C100B2A741 /* MapImporter */,
				E8A1639E1CA845300042072C /* Products */,
			);
			sourceTree = "<group>";
		};
		E8A1639E1CA845300042072C /* Products */ = {
			isa = PBXGroup;
			children = (
				E8A1639D1CA845300042072C /* Towel.app */,
				E8A163B91CA86D630042072C /* MapImporter-iOS.app */,
				E8E61E8B1CBAD8C100B2A741 /* MapImporter.app */,
			);
			name = Products;
			sourceTree = "<group>";
		};
		E8A1639F1CA845300042072C /* Towel */ = {
			isa = PBXGroup;
			children = (
				E8D1DAFE1CB985F400825C89 /* UI */,
				E8A163A01CA845300042072C /* AppDelegate.swift */,
				E8A163AA1CA845300042072C /* Assets.xcassets */,
				E83F64921CC3DD4A009142A9 /* EmojiFlags.swift */,
				E828B63C1CB99F2800D1A204 /* Functional.swift */,
				E8A163AF1CA845300042072C /* Info.plist */,
				E8A163AC1CA845300042072C /* LaunchScreen.storyboard */,
				E8A163A41CA845300042072C /* Main.storyboard */,
				E8114C481CDF7D3E00FCF8B2 /* OSMTileOverlay.swift */,
				E8D25B951CE3CC9200BB4962 /* IO.swift */,
				E8D25B931CE3B14300BB4962 /* PersistentTileStore.swift */,
				E82506681CBC4FAF00458ED4 /* Query.swift */,
				E88DCA911CC4006C002BF26B /* RatingExt.swift */,
				E86F687C1CE9FDFB00986588 /* TaggingTileStore.swift */,
				E86F687A1CE9FDDD00986588 /* TileStorage.swift */,
				E86F68781CE9FC9F00986588 /* TileSource.swift */,
				E8D25B971CE3D5B900BB4962 /* TileManager.swift */,
				E8D25B911CE2724200BB4962 /* TileMapper.swift */,
				E8FC3ED01CBC554300B0549E /* Towel.realm */,
				E88DCA931CC40360002BF26B /* WaitingTime.swift */,
				E8D5AC051CE6862900F5C313 /* Towel-Bridging-Header.h */,
			);
			path = Towel;
			sourceTree = "<group>";
		};
		E8A163BA1CA86D630042072C /* MapImporter-iOS */ = {
			isa = PBXGroup;
			children = (
				E8A163BB1CA86D630042072C /* AppDelegate.swift */,
				E8A163BD1CA86D630042072C /* ViewController.swift */,
				E8A163BF1CA86D630042072C /* Main.storyboard */,
				E8A163C51CA86D630042072C /* Assets.xcassets */,
				E8A163C71CA86D630042072C /* LaunchScreen.storyboard */,
				E8A163CA1CA86D630042072C /* Info.plist */,
			);
			path = "MapImporter-iOS";
			sourceTree = "<group>";
		};
		E8D1DAFE1CB985F400825C89 /* UI */ = {
			isa = PBXGroup;
			children = (
				E8D5ABF91CE678A400F5C313 /* Main */,
				E8D5ABEA1CE6779C00F5C313 /* PlaceInfo */,
				E8D824011CC3A24500046572 /* ClusterPinView.swift */,
				E8D5ABFC1CE678B400F5C313 /* MapView+OSM.swift */,
				E86F687E1CEA02FF00986588 /* PlaceAnnotation.swift */,
				E828B63A1CB9984900D1A204 /* PlacePinView.swift */,
				E8D5ABFE1CE67D9900F5C313 /* SidebarViewController.swift */,
			);
			path = UI;
			sourceTree = "<group>";
		};
		E8D5ABEA1CE6779C00F5C313 /* PlaceInfo */ = {
			isa = PBXGroup;
			children = (
				E8D5ABEB1CE677BC00F5C313 /* PlaceInfoCommentCell.swift */,
				E8D5ABEC1CE677BC00F5C313 /* PlaceInfoCommentsTitleCell.swift */,
				E8D5ABED1CE677BC00F5C313 /* PlaceInfoDescriptionCell.swift */,
				E8D5ABEE1CE677BC00F5C313 /* PlaceInfoMapCell.swift */,
				E8D5ABEF1CE677BC00F5C313 /* PlaceInfoStatsCell.swift */,
				E8D5ABF01CE677BC00F5C313 /* PlaceInfoTitleCell.swift */,
				E8D5ABF11CE677BC00F5C313 /* PlaceInfoViewController.swift */,
			);
			path = PlaceInfo;
			sourceTree = "<group>";
		};
		E8D5ABF91CE678A400F5C313 /* Main */ = {
			isa = PBXGroup;
			children = (
				E8D5ABFA1CE678A400F5C313 /* MapViewController.swift */,
			);
			path = Main;
			sourceTree = "<group>";
		};
		E8D5AC001CE683B700F5C313 /* SWRevealViewController */ = {
			isa = PBXGroup;
			children = (
				E8D5AC011CE683B700F5C313 /* SWRevealViewController.h */,
				E8D5AC021CE683B700F5C313 /* SWRevealViewController.m */,
			);
			name = SWRevealViewController;
			path = Carthage/Checkouts/SWRevealViewController/SWRevealViewController;
			sourceTree = "<group>";
		};
		E8D5AC041CE683C200F5C313 /* Dependencies */ = {
			isa = PBXGroup;
			children = (
				E8D5AC001CE683B700F5C313 /* SWRevealViewController */,
				E8D25B991CE3DD6200BB4962 /* Alamofire.framework */,
				E8D823FE1CC3901100046572 /* FBAnnotationClustering.framework */,
				E8FC3ECC1CBC50EE00B0549E /* Realm.framework */,
				E8FC3ECD1CBC50EE00B0549E /* RealmSwift.framework */,
				E8E61E981CBAD94D00B2A741 /* Realm.framework */,
				E8E61E991CBAD94E00B2A741 /* RealmSwift.framework */,
				E8BE9FA81CE8CC9E00DDD5C8 /* Swinject.framework */,
			);
			name = Dependencies;
			sourceTree = "<group>";
		};
		E8E61E8C1CBAD8C100B2A741 /* MapImporter */ = {
			isa = PBXGroup;
			children = (
				E825064E1CBAE0F300458ED4 /* Models */,
				E8E61E8D1CBAD8C100B2A741 /* AppDelegate.swift */,
				E8E61E8F1CBAD8C100B2A741 /* Assets.xcassets */,
				E8E61E911CBAD8C100B2A741 /* MainMenu.xib */,
				E8E61E941CBAD8C100B2A741 /* Info.plist */,
				E825065D1CBAEA3A00458ED4 /* Query.swift */,
			);
			path = MapImporter;
			sourceTree = "<group>";
		};
/* End PBXGroup section */

/* Begin PBXNativeTarget section */
		E8A1639C1CA845300042072C /* Towel */ = {
			isa = PBXNativeTarget;
			buildConfigurationList = E8A163B21CA845300042072C /* Build configuration list for PBXNativeTarget "Towel" */;
			buildPhases = (
				E8A163991CA845300042072C /* Sources */,
				E8A1639A1CA845300042072C /* Frameworks */,
				E8A1639B1CA845300042072C /* Resources */,
				E8FC3ED21CBC57EB00B0549E /* CopyFiles */,
			);
			buildRules = (
			);
			dependencies = (
			);
			name = Towel;
			productName = Towel;
			productReference = E8A1639D1CA845300042072C /* Towel.app */;
			productType = "com.apple.product-type.application";
		};
		E8A163B81CA86D630042072C /* MapImporter-iOS */ = {
			isa = PBXNativeTarget;
			buildConfigurationList = E8A163CB1CA86D630042072C /* Build configuration list for PBXNativeTarget "MapImporter-iOS" */;
			buildPhases = (
				E8A163B51CA86D630042072C /* Sources */,
				E8A163B61CA86D630042072C /* Frameworks */,
				E8A163B71CA86D630042072C /* Resources */,
			);
			buildRules = (
			);
			dependencies = (
			);
			name = "MapImporter-iOS";
			productName = MapImporter;
			productReference = E8A163B91CA86D630042072C /* MapImporter-iOS.app */;
			productType = "com.apple.product-type.application";
		};
		E8E61E8A1CBAD8C100B2A741 /* MapImporter */ = {
			isa = PBXNativeTarget;
			buildConfigurationList = E8E61E951CBAD8C100B2A741 /* Build configuration list for PBXNativeTarget "MapImporter" */;
			buildPhases = (
				E8E61E871CBAD8C100B2A741 /* Sources */,
				E8E61E881CBAD8C100B2A741 /* Frameworks */,
				E8E61E891CBAD8C100B2A741 /* Resources */,
				E825065F1CBAFBB700458ED4 /* CopyFiles */,
			);
			buildRules = (
			);
			dependencies = (
			);
			name = MapImporter;
			productName = MapImporter;
			productReference = E8E61E8B1CBAD8C100B2A741 /* MapImporter.app */;
			productType = "com.apple.product-type.application";
		};
/* End PBXNativeTarget section */

/* Begin PBXProject section */
		E8A163951CA845300042072C /* Project object */ = {
			isa = PBXProject;
			attributes = {
				LastSwiftUpdateCheck = 0730;
				LastUpgradeCheck = 0720;
				ORGANIZATIONNAME = "Tamas Lustyik";
				TargetAttributes = {
					E8A1639C1CA845300042072C = {
						CreatedOnToolsVersion = 7.2;
						DevelopmentTeam = DC5QGCDP8K;
					};
					E8A163B81CA86D630042072C = {
						CreatedOnToolsVersion = 7.2;
					};
					E8E61E8A1CBAD8C100B2A741 = {
						CreatedOnToolsVersion = 7.3;
					};
				};
			};
			buildConfigurationList = E8A163981CA845300042072C /* Build configuration list for PBXProject "Towel" */;
			compatibilityVersion = "Xcode 3.2";
			developmentRegion = English;
			hasScannedForEncodings = 0;
			knownRegions = (
				en,
				Base,
			);
			mainGroup = E8A163941CA845300042072C;
			productRefGroup = E8A1639E1CA845300042072C /* Products */;
			projectDirPath = "";
			projectRoot = "";
			targets = (
				E8A1639C1CA845300042072C /* Towel */,
				E8A163B81CA86D630042072C /* MapImporter-iOS */,
				E8E61E8A1CBAD8C100B2A741 /* MapImporter */,
			);
		};
/* End PBXProject section */

/* Begin PBXResourcesBuildPhase section */
		E8A1639B1CA845300042072C /* Resources */ = {
			isa = PBXResourcesBuildPhase;
			buildActionMask = 2147483647;
			files = (
				E8A163AE1CA845300042072C /* LaunchScreen.storyboard in Resources */,
				E8A163AB1CA845300042072C /* Assets.xcassets in Resources */,
				E8A163A61CA845300042072C /* Main.storyboard in Resources */,
				E8FC3ED11CBC554300B0549E /* Towel.realm in Resources */,
			);
			runOnlyForDeploymentPostprocessing = 0;
		};
		E8A163B71CA86D630042072C /* Resources */ = {
			isa = PBXResourcesBuildPhase;
			buildActionMask = 2147483647;
			files = (
				E8A163C91CA86D630042072C /* LaunchScreen.storyboard in Resources */,
				E8A163C61CA86D630042072C /* Assets.xcassets in Resources */,
				E8A163C11CA86D630042072C /* Main.storyboard in Resources */,
			);
			runOnlyForDeploymentPostprocessing = 0;
		};
		E8E61E891CBAD8C100B2A741 /* Resources */ = {
			isa = PBXResourcesBuildPhase;
			buildActionMask = 2147483647;
			files = (
				E8E61E901CBAD8C100B2A741 /* Assets.xcassets in Resources */,
				E8E61E931CBAD8C100B2A741 /* MainMenu.xib in Resources */,
			);
			runOnlyForDeploymentPostprocessing = 0;
		};
/* End PBXResourcesBuildPhase section */

/* Begin PBXSourcesBuildPhase section */
		E8A163991CA845300042072C /* Sources */ = {
			isa = PBXSourcesBuildPhase;
			buildActionMask = 2147483647;
			files = (
				E8240DE11CD00C3C00535CE1 /* DBPlaceRating.swift in Sources */,
				E88DCA941CC40360002BF26B /* WaitingTime.swift in Sources */,
				E8D5ABF51CE677BC00F5C313 /* PlaceInfoMapCell.swift in Sources */,
				E8D5ABF81CE677BC00F5C313 /* PlaceInfoViewController.swift in Sources */,
				E8240DD71CD004BD00535CE1 /* DBPlaceInfo.swift in Sources */,
				E8240DE31CD00C4100535CE1 /* PlaceRating.swift in Sources */,
				E8240DD31CD004BD00535CE1 /* DBLocation.swift in Sources */,
				E8D5ABF21CE677BC00F5C313 /* PlaceInfoCommentCell.swift in Sources */,
				E8D25B961CE3CC9200BB4962 /* IO.swift in Sources */,
				E8D5ABFF1CE67D9900F5C313 /* SidebarViewController.swift in Sources */,
				E8D25B981CE3D5B900BB4962 /* TileManager.swift in Sources */,
				E8D5ABF31CE677BC00F5C313 /* PlaceInfoCommentsTitleCell.swift in Sources */,
				E8240DD61CD004BD00535CE1 /* DBPlaceDescription.swift in Sources */,
				E8D5ABF61CE677BC00F5C313 /* PlaceInfoStatsCell.swift in Sources */,
				E8D25B941CE3B14300BB4962 /* PersistentTileStore.swift in Sources */,
				E8D824021CC3A24500046572 /* ClusterPinView.swift in Sources */,
				E8D5ABFD1CE678B400F5C313 /* MapView+OSM.swift in Sources */,
				E88DCA921CC4006C002BF26B /* RatingExt.swift in Sources */,
				E83F64931CC3DD4A009142A9 /* EmojiFlags.swift in Sources */,
				E828B63B1CB9984900D1A204 /* PlacePinView.swift in Sources */,
				E82506651CBC4F9D00458ED4 /* PlaceDescription.swift in Sources */,
				E86F687F1CEA02FF00986588 /* PlaceAnnotation.swift in Sources */,
				E8D5ABF71CE677BC00F5C313 /* PlaceInfoTitleCell.swift in Sources */,
				E8D5ABF41CE677BC00F5C313 /* PlaceInfoDescriptionCell.swift in Sources */,
				E8114C491CDF7D3E00FCF8B2 /* OSMTileOverlay.swift in Sources */,
				E82506641CBC4F9D00458ED4 /* PlaceComment.swift in Sources */,
				E8CE3D1B1CD801B40066BC53 /* ToMany.swift in Sources */,
				E8D5AC031CE683B700F5C313 /* SWRevealViewController.m in Sources */,
				E8240DE21CD00C3C00535CE1 /* DBPlaceWaiting.swift in Sources */,
				E82506631CBC4F9D00458ED4 /* Place.swift in Sources */,
				E8240DD41CD004BD00535CE1 /* DBPlace.swift in Sources */,
				E8D25B921CE2724200BB4962 /* TileMapper.swift in Sources */,
				E82506691CBC4FAF00458ED4 /* Query.swift in Sources */,
				E8240DE41CD00C4100535CE1 /* PlaceWaiting.swift in Sources */,
				E86F687B1CE9FDDD00986588 /* TileStorage.swift in Sources */,
				E828B63D1CB99F2800D1A204 /* Functional.swift in Sources */,
				E86F68791CE9FC9F00986588 /* TileSource.swift in Sources */,
				E8D5ABFB1CE678A400F5C313 /* MapViewController.swift in Sources */,
				E8240DD51CD004BD00535CE1 /* DBPlaceComment.swift in Sources */,
				E8A163A11CA845300042072C /* AppDelegate.swift in Sources */,
				E82506621CBC4F9D00458ED4 /* Location.swift in Sources */,
				E82506661CBC4F9D00458ED4 /* PlaceInfo.swift in Sources */,
				E86F687D1CE9FDFB00986588 /* TaggingTileStore.swift in Sources */,
			);
			runOnlyForDeploymentPostprocessing = 0;
		};
		E8A163B51CA86D630042072C /* Sources */ = {
			isa = PBXSourcesBuildPhase;
			buildActionMask = 2147483647;
			files = (
				E8A163BE1CA86D630042072C /* ViewController.swift in Sources */,
				E8A163BC1CA86D630042072C /* AppDelegate.swift in Sources */,
			);
			runOnlyForDeploymentPostprocessing = 0;
		};
		E8E61E871CBAD8C100B2A741 /* Sources */ = {
			isa = PBXSourcesBuildPhase;
			buildActionMask = 2147483647;
			files = (
				E825065C1CBAE92600458ED4 /* PlaceComment.swift in Sources */,
				E8240DCA1CD0030500535CE1 /* DBPlace.swift in Sources */,
				E8240DCE1CD0041000535CE1 /* DBPlaceDescription.swift in Sources */,
				E8240DC81CD002DF00535CE1 /* DBLocation.swift in Sources */,
				E8240DD01CD0042800535CE1 /* DBPlaceInfo.swift in Sources */,
				E8240DE01CD00B8500535CE1 /* PlaceWaiting.swift in Sources */,
				E82506521CBAE3CC00458ED4 /* PlaceInfo.swift in Sources */,
				E8240DDC1CD00A1700535CE1 /* PlaceRating.swift in Sources */,
				E82506561CBAE62C00458ED4 /* Location.swift in Sources */,
				E825065E1CBAEA3A00458ED4 /* Query.swift in Sources */,
				E8240DCC1CD003F200535CE1 /* DBPlaceComment.swift in Sources */,
				E8E61E8E1CBAD8C100B2A741 /* AppDelegate.swift in Sources */,
				E8240DDA1CD00A0800535CE1 /* DBPlaceRating.swift in Sources */,
				E825065A1CBAE77600458ED4 /* PlaceDescription.swift in Sources */,
				E8240DDE1CD00B7600535CE1 /* DBPlaceWaiting.swift in Sources */,
				E82506501CBAE11400458ED4 /* Place.swift in Sources */,
				E8CE3D1C1CD801B40066BC53 /* ToMany.swift in Sources */,
			);
			runOnlyForDeploymentPostprocessing = 0;
		};
/* End PBXSourcesBuildPhase section */

/* Begin PBXVariantGroup section */
		E8A163A41CA845300042072C /* Main.storyboard */ = {
			isa = PBXVariantGroup;
			children = (
				E8A163A51CA845300042072C /* Base */,
			);
			name = Main.storyboard;
			sourceTree = "<group>";
		};
		E8A163AC1CA845300042072C /* LaunchScreen.storyboard */ = {
			isa = PBXVariantGroup;
			children = (
				E8A163AD1CA845300042072C /* Base */,
			);
			name = LaunchScreen.storyboard;
			sourceTree = "<group>";
		};
		E8A163BF1CA86D630042072C /* Main.storyboard */ = {
			isa = PBXVariantGroup;
			children = (
				E8A163C01CA86D630042072C /* Base */,
			);
			name = Main.storyboard;
			sourceTree = "<group>";
		};
		E8A163C71CA86D630042072C /* LaunchScreen.storyboard */ = {
			isa = PBXVariantGroup;
			children = (
				E8A163C81CA86D630042072C /* Base */,
			);
			name = LaunchScreen.storyboard;
			sourceTree = "<group>";
		};
		E8E61E911CBAD8C100B2A741 /* MainMenu.xib */ = {
			isa = PBXVariantGroup;
			children = (
				E8E61E921CBAD8C100B2A741 /* Base */,
			);
			name = MainMenu.xib;
			sourceTree = "<group>";
		};
/* End PBXVariantGroup section */

/* Begin XCBuildConfiguration section */
		E8A163B01CA845300042072C /* Debug */ = {
			isa = XCBuildConfiguration;
			buildSettings = {
				ALWAYS_SEARCH_USER_PATHS = NO;
				CLANG_CXX_LANGUAGE_STANDARD = "gnu++0x";
				CLANG_CXX_LIBRARY = "libc++";
				CLANG_ENABLE_MODULES = YES;
				CLANG_ENABLE_OBJC_ARC = YES;
				CLANG_WARN_BOOL_CONVERSION = YES;
				CLANG_WARN_CONSTANT_CONVERSION = YES;
				CLANG_WARN_DIRECT_OBJC_ISA_USAGE = YES_ERROR;
				CLANG_WARN_EMPTY_BODY = YES;
				CLANG_WARN_ENUM_CONVERSION = YES;
				CLANG_WARN_INT_CONVERSION = YES;
				CLANG_WARN_OBJC_ROOT_CLASS = YES_ERROR;
				CLANG_WARN_UNREACHABLE_CODE = YES;
				CLANG_WARN__DUPLICATE_METHOD_MATCH = YES;
				"CODE_SIGN_IDENTITY[sdk=iphoneos*]" = "iPhone Developer";
				COPY_PHASE_STRIP = NO;
				DEBUG_INFORMATION_FORMAT = dwarf;
				ENABLE_STRICT_OBJC_MSGSEND = YES;
				ENABLE_TESTABILITY = YES;
				GCC_C_LANGUAGE_STANDARD = gnu99;
				GCC_DYNAMIC_NO_PIC = NO;
				GCC_NO_COMMON_BLOCKS = YES;
				GCC_OPTIMIZATION_LEVEL = 0;
				GCC_PREPROCESSOR_DEFINITIONS = (
					"DEBUG=1",
					"$(inherited)",
				);
				GCC_WARN_64_TO_32_BIT_CONVERSION = YES;
				GCC_WARN_ABOUT_RETURN_TYPE = YES_ERROR;
				GCC_WARN_UNDECLARED_SELECTOR = YES;
				GCC_WARN_UNINITIALIZED_AUTOS = YES_AGGRESSIVE;
				GCC_WARN_UNUSED_FUNCTION = YES;
				GCC_WARN_UNUSED_VARIABLE = YES;
				IPHONEOS_DEPLOYMENT_TARGET = 8.4;
				MTL_ENABLE_DEBUG_INFO = YES;
				ONLY_ACTIVE_ARCH = YES;
				SDKROOT = iphoneos;
				SWIFT_OPTIMIZATION_LEVEL = "-Onone";
				TARGETED_DEVICE_FAMILY = "1,2";
			};
			name = Debug;
		};
		E8A163B11CA845300042072C /* Release */ = {
			isa = XCBuildConfiguration;
			buildSettings = {
				ALWAYS_SEARCH_USER_PATHS = NO;
				CLANG_CXX_LANGUAGE_STANDARD = "gnu++0x";
				CLANG_CXX_LIBRARY = "libc++";
				CLANG_ENABLE_MODULES = YES;
				CLANG_ENABLE_OBJC_ARC = YES;
				CLANG_WARN_BOOL_CONVERSION = YES;
				CLANG_WARN_CONSTANT_CONVERSION = YES;
				CLANG_WARN_DIRECT_OBJC_ISA_USAGE = YES_ERROR;
				CLANG_WARN_EMPTY_BODY = YES;
				CLANG_WARN_ENUM_CONVERSION = YES;
				CLANG_WARN_INT_CONVERSION = YES;
				CLANG_WARN_OBJC_ROOT_CLASS = YES_ERROR;
				CLANG_WARN_UNREACHABLE_CODE = YES;
				CLANG_WARN__DUPLICATE_METHOD_MATCH = YES;
				"CODE_SIGN_IDENTITY[sdk=iphoneos*]" = "iPhone Developer";
				COPY_PHASE_STRIP = NO;
				DEBUG_INFORMATION_FORMAT = "dwarf-with-dsym";
				ENABLE_NS_ASSERTIONS = NO;
				ENABLE_STRICT_OBJC_MSGSEND = YES;
				GCC_C_LANGUAGE_STANDARD = gnu99;
				GCC_NO_COMMON_BLOCKS = YES;
				GCC_WARN_64_TO_32_BIT_CONVERSION = YES;
				GCC_WARN_ABOUT_RETURN_TYPE = YES_ERROR;
				GCC_WARN_UNDECLARED_SELECTOR = YES;
				GCC_WARN_UNINITIALIZED_AUTOS = YES_AGGRESSIVE;
				GCC_WARN_UNUSED_FUNCTION = YES;
				GCC_WARN_UNUSED_VARIABLE = YES;
				IPHONEOS_DEPLOYMENT_TARGET = 8.4;
				MTL_ENABLE_DEBUG_INFO = NO;
				SDKROOT = iphoneos;
				TARGETED_DEVICE_FAMILY = "1,2";
				VALIDATE_PRODUCT = YES;
			};
			name = Release;
		};
		E8A163B31CA845300042072C /* Debug */ = {
			isa = XCBuildConfiguration;
			buildSettings = {
				ASSETCATALOG_COMPILER_APPICON_NAME = AppIcon;
				FRAMEWORK_SEARCH_PATHS = (
					"$(inherited)",
					"$(PROJECT_DIR)/Carthage/Build/iOS",
				);
				INFOPLIST_FILE = Towel/Info.plist;
				LD_RUNPATH_SEARCH_PATHS = "$(inherited) @executable_path/Frameworks";
				PRODUCT_BUNDLE_IDENTIFIER = me.cocoagrinder.Towel;
				PRODUCT_NAME = "$(TARGET_NAME)";
				SWIFT_OBJC_BRIDGING_HEADER = "Towel/Towel-Bridging-Header.h";
			};
			name = Debug;
		};
		E8A163B41CA845300042072C /* Release */ = {
			isa = XCBuildConfiguration;
			buildSettings = {
				ASSETCATALOG_COMPILER_APPICON_NAME = AppIcon;
				FRAMEWORK_SEARCH_PATHS = (
					"$(inherited)",
					"$(PROJECT_DIR)/Carthage/Build/iOS",
				);
				INFOPLIST_FILE = Towel/Info.plist;
				LD_RUNPATH_SEARCH_PATHS = "$(inherited) @executable_path/Frameworks";
				PRODUCT_BUNDLE_IDENTIFIER = me.cocoagrinder.Towel;
				PRODUCT_NAME = "$(TARGET_NAME)";
				SWIFT_OBJC_BRIDGING_HEADER = "Towel/Towel-Bridging-Header.h";
			};
			name = Release;
		};
		E8A163CC1CA86D630042072C /* Debug */ = {
			isa = XCBuildConfiguration;
			buildSettings = {
				ASSETCATALOG_COMPILER_APPICON_NAME = AppIcon;
				INFOPLIST_FILE = MapImporter/Info.plist;
				IPHONEOS_DEPLOYMENT_TARGET = 9.2;
				LD_RUNPATH_SEARCH_PATHS = "$(inherited) @executable_path/Frameworks";
				PRODUCT_BUNDLE_IDENTIFIER = me.cocoagrinder.MapImporter;
				PRODUCT_NAME = "$(TARGET_NAME)";
			};
			name = Debug;
		};
		E8A163CD1CA86D630042072C /* Release */ = {
			isa = XCBuildConfiguration;
			buildSettings = {
				ASSETCATALOG_COMPILER_APPICON_NAME = AppIcon;
				INFOPLIST_FILE = MapImporter/Info.plist;
				IPHONEOS_DEPLOYMENT_TARGET = 9.2;
				LD_RUNPATH_SEARCH_PATHS = "$(inherited) @executable_path/Frameworks";
				PRODUCT_BUNDLE_IDENTIFIER = me.cocoagrinder.MapImporter;
				PRODUCT_NAME = "$(TARGET_NAME)";
			};
			name = Release;
		};
		E8E61E961CBAD8C100B2A741 /* Debug */ = {
			isa = XCBuildConfiguration;
			buildSettings = {
				ASSETCATALOG_COMPILER_APPICON_NAME = AppIcon;
				CLANG_ANALYZER_NONNULL = YES;
				CODE_SIGN_IDENTITY = "-";
				COMBINE_HIDPI_IMAGES = YES;
				FRAMEWORK_SEARCH_PATHS = (
					"$(inherited)",
					"$(PROJECT_DIR)/Carthage/Build/Mac",
				);
				INFOPLIST_FILE = MapImporter/Info.plist;
				LD_RUNPATH_SEARCH_PATHS = "$(inherited) @executable_path/../Frameworks";
				MACOSX_DEPLOYMENT_TARGET = 10.9;
				PRODUCT_BUNDLE_IDENTIFIER = me.cocoagrinder.MapImporter;
				PRODUCT_NAME = "$(TARGET_NAME)";
				SDKROOT = macosx;
			};
			name = Debug;
		};
		E8E61E971CBAD8C100B2A741 /* Release */ = {
			isa = XCBuildConfiguration;
			buildSettings = {
				ASSETCATALOG_COMPILER_APPICON_NAME = AppIcon;
				CLANG_ANALYZER_NONNULL = YES;
				CODE_SIGN_IDENTITY = "-";
				COMBINE_HIDPI_IMAGES = YES;
				FRAMEWORK_SEARCH_PATHS = (
					"$(inherited)",
					"$(PROJECT_DIR)/Carthage/Build/Mac",
				);
				INFOPLIST_FILE = MapImporter/Info.plist;
				LD_RUNPATH_SEARCH_PATHS = "$(inherited) @executable_path/../Frameworks";
				MACOSX_DEPLOYMENT_TARGET = 10.9;
				PRODUCT_BUNDLE_IDENTIFIER = me.cocoagrinder.MapImporter;
				PRODUCT_NAME = "$(TARGET_NAME)";
				SDKROOT = macosx;
			};
			name = Release;
		};
/* End XCBuildConfiguration section */

/* Begin XCConfigurationList section */
		E8A163981CA845300042072C /* Build configuration list for PBXProject "Towel" */ = {
			isa = XCConfigurationList;
			buildConfigurations = (
				E8A163B01CA845300042072C /* Debug */,
				E8A163B11CA845300042072C /* Release */,
			);
			defaultConfigurationIsVisible = 0;
			defaultConfigurationName = Release;
		};
		E8A163B21CA845300042072C /* Build configuration list for PBXNativeTarget "Towel" */ = {
			isa = XCConfigurationList;
			buildConfigurations = (
				E8A163B31CA845300042072C /* Debug */,
				E8A163B41CA845300042072C /* Release */,
			);
			defaultConfigurationIsVisible = 0;
			defaultConfigurationName = Release;
		};
		E8A163CB1CA86D630042072C /* Build configuration list for PBXNativeTarget "MapImporter-iOS" */ = {
			isa = XCConfigurationList;
			buildConfigurations = (
				E8A163CC1CA86D630042072C /* Debug */,
				E8A163CD1CA86D630042072C /* Release */,
			);
			defaultConfigurationIsVisible = 0;
			defaultConfigurationName = Release;
		};
		E8E61E951CBAD8C100B2A741 /* Build configuration list for PBXNativeTarget "MapImporter" */ = {
			isa = XCConfigurationList;
			buildConfigurations = (
				E8E61E961CBAD8C100B2A741 /* Debug */,
				E8E61E971CBAD8C100B2A741 /* Release */,
			);
			defaultConfigurationIsVisible = 0;
			defaultConfigurationName = Release;
		};
/* End XCConfigurationList section */
	};
	rootObject = E8A163951CA845300042072C /* Project object */;
}
